
Microsoft Visual Studio Solution File, Format Version 12.00
# Visual Studio Version 16
VisualStudioVersion = 16.0.29409.12
MinimumVisualStudioVersion = 10.0.40219.1
Project("{FAE04EC0-301F-11D3-BF4B-00C04F79EFBC}") = "Software Engin Project", "Software Engin Project\Software Engin Project.csproj", "{5CB2512B-5EAD-436A-979F-4CC690C1FF22}"
EndProject
Global
	GlobalSection(SolutionConfigurationPlatforms) = preSolution
		Debug|Any CPU = Debug|Any CPU
		Release|Any CPU = Release|Any CPU
	EndGlobalSection
	GlobalSection(ProjectConfigurationPlatforms) = postSolution
		{5CB2512B-5EAD-436A-979F-4CC690C1FF22}.Debug|Any CPU.ActiveCfg = Debug|Any CPU
		{5CB2512B-5EAD-436A-979F-4CC690C1FF22}.Debug|Any CPU.Build.0 = Debug|Any CPU
		{5CB2512B-5EAD-436A-979F-4CC690C1FF22}.Release|Any CPU.ActiveCfg = Release|Any CPU
		{5CB2512B-5EAD-436A-979F-4CC690C1FF22}.Release|Any CPU.Build.0 = Release|Any CPU
	EndGlobalSection
	GlobalSection(SolutionProperties) = preSolution
		HideSolutionNode = FALSE
	EndGlobalSection
	GlobalSection(ExtensibilityGlobals) = postSolution
		SolutionGuid = {7C2CF217-A084-4C27-AB39-87103FC5A43C}
	EndGlobalSection
EndGlobal
